
Microsoft Visual Studio Solution File, Format Version 12.00
# Visual Studio Version 17
VisualStudioVersion = 17.4.33403.182
MinimumVisualStudioVersion = 10.0.40219.1
Project("{9A19103F-16F7-4668-BE54-9A1E7A4F7556}") = "SemPrace", "SemPrace.csproj", "{DB392412-3503-4569-A846-BAE680DCA4AA}"
EndProject
Global
	GlobalSection(SolutionConfigurationPlatforms) = preSolution
		Debug|Any CPU = Debug|Any CPU
		Release|Any CPU = Release|Any CPU
	EndGlobalSection
	GlobalSection(ProjectConfigurationPlatforms) = postSolution
		{DB392412-3503-4569-A846-BAE680DCA4AA}.Debug|Any CPU.ActiveCfg = Debug|Any CPU
		{DB392412-3503-4569-A846-BAE680DCA4AA}.Debug|Any CPU.Build.0 = Debug|Any CPU
		{DB392412-3503-4569-A846-BAE680DCA4AA}.Release|Any CPU.ActiveCfg = Release|Any CPU
		{DB392412-3503-4569-A846-BAE680DCA4AA}.Release|Any CPU.Build.0 = Release|Any CPU
	EndGlobalSection
	GlobalSection(SolutionProperties) = preSolution
		HideSolutionNode = FALSE
	EndGlobalSection
	GlobalSection(ExtensibilityGlobals) = postSolution
		SolutionGuid = {DC7796BA-7944-463E-A1E8-7EAF479B6429}
	EndGlobalSection
EndGlobal
